// !$*UTF8*$!
{
	archiveVersion = 1;
	classes = {
	};
	objectVersion = 55;
	objects = {

/* Begin PBXBuildFile section */
		06C17F5C27C54E4A008AD599 /* AppDelegate.swift in Sources */ = {isa = PBXBuildFile; fileRef = 06C17F5B27C54E4A008AD599 /* AppDelegate.swift */; };
		06C17F5E27C54E4A008AD599 /* SceneDelegate.swift in Sources */ = {isa = PBXBuildFile; fileRef = 06C17F5D27C54E4A008AD599 /* SceneDelegate.swift */; };
		06C17F6027C54E4A008AD599 /* ViewController.swift in Sources */ = {isa = PBXBuildFile; fileRef = 06C17F5F27C54E4A008AD599 /* ViewController.swift */; };
		06C17F6327C54E4A008AD599 /* Main.storyboard in Resources */ = {isa = PBXBuildFile; fileRef = 06C17F6127C54E4A008AD599 /* Main.storyboard */; };
		06C17F6527C54E4C008AD599 /* Assets.xcassets in Resources */ = {isa = PBXBuildFile; fileRef = 06C17F6427C54E4C008AD599 /* Assets.xcassets */; };
		06C17F6827C54E4C008AD599 /* LaunchScreen.storyboard in Resources */ = {isa = PBXBuildFile; fileRef = 06C17F6627C54E4C008AD599 /* LaunchScreen.storyboard */; };
		06C17F7327C54E4C008AD599 /* Project6bTests.swift in Sources */ = {isa = PBXBuildFile; fileRef = 06C17F7227C54E4C008AD599 /* Project6bTests.swift */; };
		06C17F7D27C54E4C008AD599 /* Project6bUITests.swift in Sources */ = {isa = PBXBuildFile; fileRef = 06C17F7C27C54E4C008AD599 /* Project6bUITests.swift */; };
		06C17F7F27C54E4C008AD599 /* Project6bUITestsLaunchTests.swift in Sources */ = {isa = PBXBuildFile; fileRef = 06C17F7E27C54E4C008AD599 /* Project6bUITestsLaunchTests.swift */; };
/* End PBXBuildFile section */

/* Begin PBXContainerItemProxy section */
		06C17F6F27C54E4C008AD599 /* PBXContainerItemProxy */ = {
			isa = PBXContainerItemProxy;
			containerPortal = 06C17F5027C54E4A008AD599 /* Project object */;
			proxyType = 1;
			remoteGlobalIDString = 06C17F5727C54E4A008AD599;
			remoteInfo = Project6b;
		};
		06C17F7927C54E4C008AD599 /* PBXContainerItemProxy */ = {
			isa = PBXContainerItemProxy;
			containerPortal = 06C17F5027C54E4A008AD599 /* Project object */;
			proxyType = 1;
			remoteGlobalIDString = 06C17F5727C54E4A008AD599;
			remoteInfo = Project6b;
		};
/* End PBXContainerItemProxy section */

/* Begin PBXFileReference section */
		06C17F5827C54E4A008AD599 /* Project6b.app */ = {isa = PBXFileReference; explicitFileType = wrapper.application; includeInIndex = 0; path = Project6b.app; sourceTree = BUILT_PRODUCTS_DIR; };
		06C17F5B27C54E4A008AD599 /* AppDelegate.swift */ = {isa = PBXFileReference; lastKnownFileType = sourcecode.swift; path = AppDelegate.swift; sourceTree = "<group>"; };
		06C17F5D27C54E4A008AD599 /* SceneDelegate.swift */ = {isa = PBXFileReference; lastKnownFileType = sourcecode.swift; path = SceneDelegate.swift; sourceTree = "<group>"; };
		06C17F5F27C54E4A008AD599 /* ViewController.swift */ = {isa = PBXFileReference; lastKnownFileType = sourcecode.swift; path = ViewController.swift; sourceTree = "<group>"; };
		06C17F6227C54E4A008AD599 /* Base */ = {isa = PBXFileReference; lastKnownFileType = file.storyboard; name = Base; path = Base.lproj/Main.storyboard; sourceTree = "<group>"; };
		06C17F6427C54E4C008AD599 /* Assets.xcassets */ = {isa = PBXFileReference; lastKnownFileType = folder.assetcatalog; path = Assets.xcassets; sourceTree = "<group>"; };
		06C17F6727C54E4C008AD599 /* Base */ = {isa = PBXFileReference; lastKnownFileType = file.storyboard; name = Base; path = Base.lproj/LaunchScreen.storyboard; sourceTree = "<group>"; };
		06C17F6927C54E4C008AD599 /* Info.plist */ = {isa = PBXFileReference; lastKnownFileType = text.plist.xml; path = Info.plist; sourceTree = "<group>"; };
		06C17F6E27C54E4C008AD599 /* Project6bTests.xctest */ = {isa = PBXFileReference; explicitFileType = wrapper.cfbundle; includeInIndex = 0; path = Project6bTests.xctest; sourceTree = BUILT_PRODUCTS_DIR; };
		06C17F7227C54E4C008AD599 /* Project6bTests.swift */ = {isa = PBXFileReference; lastKnownFileType = sourcecode.swift; path = Project6bTests.swift; sourceTree = "<group>"; };
		06C17F7827C54E4C008AD599 /* Project6bUITests.xctest */ = {isa = PBXFileReference; explicitFileType = wrapper.cfbundle; includeInIndex = 0; path = Project6bUITests.xctest; sourceTree = BUILT_PRODUCTS_DIR; };
		06C17F7C27C54E4C008AD599 /* Project6bUITests.swift */ = {isa = PBXFileReference; lastKnownFileType = sourcecode.swift; path = Project6bUITests.swift; sourceTree = "<group>"; };
		06C17F7E27C54E4C008AD599 /* Project6bUITestsLaunchTests.swift */ = {isa = PBXFileReference; lastKnownFileType = sourcecode.swift; path = Project6bUITestsLaunchTests.swift; sourceTree = "<group>"; };
/* End PBXFileReference section */

/* Begin PBXFrameworksBuildPhase section */
		06C17F5527C54E4A008AD599 /* Frameworks */ = {
			isa = PBXFrameworksBuildPhase;
			buildActionMask = 2147483647;
			files = (
			);
			runOnlyForDeploymentPostprocessing = 0;
		};
		06C17F6B27C54E4C008AD599 /* Frameworks */ = {
			isa = PBXFrameworksBuildPhase;
			buildActionMask = 2147483647;
			files = (
			);
			runOnlyForDeploymentPostprocessing = 0;
		};
		06C17F7527C54E4C008AD599 /* Frameworks */ = {
			isa = PBXFrameworksBuildPhase;
			buildActionMask = 2147483647;
			files = (
			);
			runOnlyForDeploymentPostprocessing = 0;
		};
/* End PBXFrameworksBuildPhase section */

/* Begin PBXGroup section */
		06C17F4F27C54E4A008AD599 = {
			isa = PBXGroup;
			children = (
				06C17F5A27C54E4A008AD599 /* Project6b */,
				06C17F7127C54E4C008AD599 /* Project6bTests */,
				06C17F7B27C54E4C008AD599 /* Project6bUITests */,
				06C17F5927C54E4A008AD599 /* Products */,
			);
			sourceTree = "<group>";
		};
		06C17F5927C54E4A008AD599 /* Products */ = {
			isa = PBXGroup;
			children = (
				06C17F5827C54E4A008AD599 /* Project6b.app */,
				06C17F6E27C54E4C008AD599 /* Project6bTests.xctest */,
				06C17F7827C54E4C008AD599 /* Project6bUITests.xctest */,
			);
			name = Products;
			sourceTree = "<group>";
		};
		06C17F5A27C54E4A008AD599 /* Project6b */ = {
			isa = PBXGroup;
			children = (
				06C17F5B27C54E4A008AD599 /* AppDelegate.swift */,
				06C17F5D27C54E4A008AD599 /* SceneDelegate.swift */,
				06C17F5F27C54E4A008AD599 /* ViewController.swift */,
				06C17F6127C54E4A008AD599 /* Main.storyboard */,
				06C17F6427C54E4C008AD599 /* Assets.xcassets */,
				06C17F6627C54E4C008AD599 /* LaunchScreen.storyboard */,
				06C17F6927C54E4C008AD599 /* Info.plist */,
			);
			path = Project6b;
			sourceTree = "<group>";
		};
		06C17F7127C54E4C008AD599 /* Project6bTests */ = {
			isa = PBXGroup;
			children = (
				06C17F7227C54E4C008AD599 /* Project6bTests.swift */,
			);
			path = Project6bTests;
			sourceTree = "<group>";
		};
		06C17F7B27C54E4C008AD599 /* Project6bUITests */ = {
			isa = PBXGroup;
			children = (
				06C17F7C27C54E4C008AD599 /* Project6bUITests.swift */,
				06C17F7E27C54E4C008AD599 /* Project6bUITestsLaunchTests.swift */,
			);
			path = Project6bUITests;
			sourceTree = "<group>";
		};
/* End PBXGroup section */

/* Begin PBXNativeTarget section */
		06C17F5727C54E4A008AD599 /* Project6b */ = {
			isa = PBXNativeTarget;
			buildConfigurationList = 06C17F8227C54E4C008AD599 /* Build configuration list for PBXNativeTarget "Project6b" */;
			buildPhases = (
				06C17F5427C54E4A008AD599 /* Sources */,
				06C17F5527C54E4A008AD599 /* Frameworks */,
				06C17F5627C54E4A008AD599 /* Resources */,
			);
			buildRules = (
			);
			dependencies = (
			);
			name = Project6b;
			productName = Project6b;
			productReference = 06C17F5827C54E4A008AD599 /* Project6b.app */;
			productType = "com.apple.product-type.application";
		};
		06C17F6D27C54E4C008AD599 /* Project6bTests */ = {
			isa = PBXNativeTarget;
			buildConfigurationList = 06C17F8527C54E4C008AD599 /* Build configuration list for PBXNativeTarget "Project6bTests" */;
			buildPhases = (
				06C17F6A27C54E4C008AD599 /* Sources */,
				06C17F6B27C54E4C008AD599 /* Frameworks */,
				06C17F6C27C54E4C008AD599 /* Resources */,
			);
			buildRules = (
			);
			dependencies = (
				06C17F7027C54E4C008AD599 /* PBXTargetDependency */,
			);
			name = Project6bTests;
			productName = Project6bTests;
			productReference = 06C17F6E27C54E4C008AD599 /* Project6bTests.xctest */;
			productType = "com.apple.product-type.bundle.unit-test";
		};
		06C17F7727C54E4C008AD599 /* Project6bUITests */ = {
			isa = PBXNativeTarget;
			buildConfigurationList = 06C17F8827C54E4C008AD599 /* Build configuration list for PBXNativeTarget "Project6bUITests" */;
			buildPhases = (
				06C17F7427C54E4C008AD599 /* Sources */,
				06C17F7527C54E4C008AD599 /* Frameworks */,
				06C17F7627C54E4C008AD599 /* Resources */,
			);
			buildRules = (
			);
			dependencies = (
				06C17F7A27C54E4C008AD599 /* PBXTargetDependency */,
			);
			name = Project6bUITests;
			productName = Project6bUITests;
			productReference = 06C17F7827C54E4C008AD599 /* Project6bUITests.xctest */;
			productType = "com.apple.product-type.bundle.ui-testing";
		};
/* End PBXNativeTarget section */

/* Begin PBXProject section */
		06C17F5027C54E4A008AD599 /* Project object */ = {
			isa = PBXProject;
			attributes = {
				BuildIndependentTargetsInParallel = 1;
				LastSwiftUpdateCheck = 1320;
				LastUpgradeCheck = 1320;
				TargetAttributes = {
					06C17F5727C54E4A008AD599 = {
						CreatedOnToolsVersion = 13.2.1;
					};
					06C17F6D27C54E4C008AD599 = {
						CreatedOnToolsVersion = 13.2.1;
						TestTargetID = 06C17F5727C54E4A008AD599;
					};
					06C17F7727C54E4C008AD599 = {
						CreatedOnToolsVersion = 13.2.1;
						TestTargetID = 06C17F5727C54E4A008AD599;
					};
				};
			};
			buildConfigurationList = 06C17F5327C54E4A008AD599 /* Build configuration list for PBXProject "Project6b" */;
			compatibilityVersion = "Xcode 13.0";
			developmentRegion = en;
			hasScannedForEncodings = 0;
			knownRegions = (
				en,
				Base,
			);
			mainGroup = 06C17F4F27C54E4A008AD599;
			productRefGroup = 06C17F5927C54E4A008AD599 /* Products */;
			projectDirPath = "";
			projectRoot = "";
			targets = (
				06C17F5727C54E4A008AD599 /* Project6b */,
				06C17F6D27C54E4C008AD599 /* Project6bTests */,
				06C17F7727C54E4C008AD599 /* Project6bUITests */,
			);
		};
/* End PBXProject section */

/* Begin PBXResourcesBuildPhase section */
		06C17F5627C54E4A008AD599 /* Resources */ = {
			isa = PBXResourcesBuildPhase;
			buildActionMask = 2147483647;
			files = (
				06C17F6827C54E4C008AD599 /* LaunchScreen.storyboard in Resources */,
				06C17F6527C54E4C008AD599 /* Assets.xcassets in Resources */,
				06C17F6327C54E4A008AD599 /* Main.storyboard in Resources */,
			);
			runOnlyForDeploymentPostprocessing = 0;
		};
		06C17F6C27C54E4C008AD599 /* Resources */ = {
			isa = PBXResourcesBuildPhase;
			buildActionMask = 2147483647;
			files = (
			);
			runOnlyForDeploymentPostprocessing = 0;
		};
		06C17F7627C54E4C008AD599 /* Resources */ = {
			isa = PBXResourcesBuildPhase;
			buildActionMask = 2147483647;
			files = (
			);
			runOnlyForDeploymentPostprocessing = 0;
		};
/* End PBXResourcesBuildPhase section */

/* Begin PBXSourcesBuildPhase section */
		06C17F5427C54E4A008AD599 /* Sources */ = {
			isa = PBXSourcesBuildPhase;
			buildActionMask = 2147483647;
			files = (
				06C17F6027C54E4A008AD599 /* ViewController.swift in Sources */,
				06C17F5C27C54E4A008AD599 /* AppDelegate.swift in Sources */,
				06C17F5E27C54E4A008AD599 /* SceneDelegate.swift in Sources */,
			);
			runOnlyForDeploymentPostprocessing = 0;
		};
		06C17F6A27C54E4C008AD599 /* Sources */ = {
			isa = PBXSourcesBuildPhase;
			buildActionMask = 2147483647;
			files = (
				06C17F7327C54E4C008AD599 /* Project6bTests.swift in Sources */,
			);
			runOnlyForDeploymentPostprocessing = 0;
		};
		06C17F7427C54E4C008AD599 /* Sources */ = {
			isa = PBXSourcesBuildPhase;
			buildActionMask = 2147483647;
			files = (
				06C17F7F27C54E4C008AD599 /* Project6bUITestsLaunchTests.swift in Sources */,
				06C17F7D27C54E4C008AD599 /* Project6bUITests.swift in Sources */,
			);
			runOnlyForDeploymentPostprocessing = 0;
		};
/* End PBXSourcesBuildPhase section */

/* Begin PBXTargetDependency section */
		06C17F7027C54E4C008AD599 /* PBXTargetDependency */ = {
			isa = PBXTargetDependency;
			target = 06C17F5727C54E4A008AD599 /* Project6b */;
			targetProxy = 06C17F6F27C54E4C008AD599 /* PBXContainerItemProxy */;
		};
		06C17F7A27C54E4C008AD599 /* PBXTargetDependency */ = {
			isa = PBXTargetDependency;
			target = 06C17F5727C54E4A008AD599 /* Project6b */;
			targetProxy = 06C17F7927C54E4C008AD599 /* PBXContainerItemProxy */;
		};
/* End PBXTargetDependency section */

/* Begin PBXVariantGroup section */
		06C17F6127C54E4A008AD599 /* Main.storyboard */ = {
			isa = PBXVariantGroup;
			children = (
				06C17F6227C54E4A008AD599 /* Base */,
			);
			name = Main.storyboard;
			sourceTree = "<group>";
		};
		06C17F6627C54E4C008AD599 /* LaunchScreen.storyboard */ = {
			isa = PBXVariantGroup;
			children = (
				06C17F6727C54E4C008AD599 /* Base */,
			);
			name = LaunchScreen.storyboard;
			sourceTree = "<group>";
		};
/* End PBXVariantGroup section */

/* Begin XCBuildConfiguration section */
		06C17F8027C54E4C008AD599 /* Debug */ = {
			isa = XCBuildConfiguration;
			buildSettings = {
				ALWAYS_SEARCH_USER_PATHS = NO;
				CLANG_ANALYZER_NONNULL = YES;
				CLANG_ANALYZER_NUMBER_OBJECT_CONVERSION = YES_AGGRESSIVE;
				CLANG_CXX_LANGUAGE_STANDARD = "gnu++17";
				CLANG_CXX_LIBRARY = "libc++";
				CLANG_ENABLE_MODULES = YES;
				CLANG_ENABLE_OBJC_ARC = YES;
				CLANG_ENABLE_OBJC_WEAK = YES;
				CLANG_WARN_BLOCK_CAPTURE_AUTORELEASING = YES;
				CLANG_WARN_BOOL_CONVERSION = YES;
				CLANG_WARN_COMMA = YES;
				CLANG_WARN_CONSTANT_CONVERSION = YES;
				CLANG_WARN_DEPRECATED_OBJC_IMPLEMENTATIONS = YES;
				CLANG_WARN_DIRECT_OBJC_ISA_USAGE = YES_ERROR;
				CLANG_WARN_DOCUMENTATION_COMMENTS = YES;
				CLANG_WARN_EMPTY_BODY = YES;
				CLANG_WARN_ENUM_CONVERSION = YES;
				CLANG_WARN_INFINITE_RECURSION = YES;
				CLANG_WARN_INT_CONVERSION = YES;
				CLANG_WARN_NON_LITERAL_NULL_CONVERSION = YES;
				CLANG_WARN_OBJC_IMPLICIT_RETAIN_SELF = YES;
				CLANG_WARN_OBJC_LITERAL_CONVERSION = YES;
				CLANG_WARN_OBJC_ROOT_CLASS = YES_ERROR;
				CLANG_WARN_QUOTED_INCLUDE_IN_FRAMEWORK_HEADER = YES;
				CLANG_WARN_RANGE_LOOP_ANALYSIS = YES;
				CLANG_WARN_STRICT_PROTOTYPES = YES;
				CLANG_WARN_SUSPICIOUS_MOVE = YES;
				CLANG_WARN_UNGUARDED_AVAILABILITY = YES_AGGRESSIVE;
				CLANG_WARN_UNREACHABLE_CODE = YES;
				CLANG_WARN__DUPLICATE_METHOD_MATCH = YES;
				COPY_PHASE_STRIP = NO;
				DEBUG_INFORMATION_FORMAT = dwarf;
				ENABLE_STRICT_OBJC_MSGSEND = YES;
				ENABLE_TESTABILITY = YES;
				GCC_C_LANGUAGE_STANDARD = gnu11;
				GCC_DYNAMIC_NO_PIC = NO;
				GCC_NO_COMMON_BLOCKS = YES;
				GCC_OPTIMIZATION_LEVEL = 0;
				GCC_PREPROCESSOR_DEFINITIONS = (
					"DEBUG=1",
					"$(inherited)",
				);
				GCC_WARN_64_TO_32_BIT_CONVERSION = YES;
				GCC_WARN_ABOUT_RETURN_TYPE = YES_ERROR;
				GCC_WARN_UNDECLARED_SELECTOR = YES;
				GCC_WARN_UNINITIALIZED_AUTOS = YES_AGGRESSIVE;
				GCC_WARN_UNUSED_FUNCTION = YES;
				GCC_WARN_UNUSED_VARIABLE = YES;
				IPHONEOS_DEPLOYMENT_TARGET = 15.2;
				MTL_ENABLE_DEBUG_INFO = INCLUDE_SOURCE;
				MTL_FAST_MATH = YES;
				ONLY_ACTIVE_ARCH = YES;
				SDKROOT = iphoneos;
				SWIFT_ACTIVE_COMPILATION_CONDITIONS = DEBUG;
				SWIFT_OPTIMIZATION_LEVEL = "-Onone";
			};
			name = Debug;
		};
		06C17F8127C54E4C008AD599 /* Release */ = {
			isa = XCBuildConfiguration;
			buildSettings = {
				ALWAYS_SEARCH_USER_PATHS = NO;
				CLANG_ANALYZER_NONNULL = YES;
				CLANG_ANALYZER_NUMBER_OBJECT_CONVERSION = YES_AGGRESSIVE;
				CLANG_CXX_LANGUAGE_STANDARD = "gnu++17";
				CLANG_CXX_LIBRARY = "libc++";
				CLANG_ENABLE_MODULES = YES;
				CLANG_ENABLE_OBJC_ARC = YES;
				CLANG_ENABLE_OBJC_WEAK = YES;
				CLANG_WARN_BLOCK_CAPTURE_AUTORELEASING = YES;
				CLANG_WARN_BOOL_CONVERSION = YES;
				CLANG_WARN_COMMA = YES;
				CLANG_WARN_CONSTANT_CONVERSION = YES;
				CLANG_WARN_DEPRECATED_OBJC_IMPLEMENTATIONS = YES;
				CLANG_WARN_DIRECT_OBJC_ISA_USAGE = YES_ERROR;
				CLANG_WARN_DOCUMENTATION_COMMENTS = YES;
				CLANG_WARN_EMPTY_BODY = YES;
				CLANG_WARN_ENUM_CONVERSION = YES;
				CLANG_WARN_INFINITE_RECURSION = YES;
				CLANG_WARN_INT_CONVERSION = YES;
				CLANG_WARN_NON_LITERAL_NULL_CONVERSION = YES;
				CLANG_WARN_OBJC_IMPLICIT_RETAIN_SELF = YES;
				CLANG_WARN_OBJC_LITERAL_CONVERSION = YES;
				CLANG_WARN_OBJC_ROOT_CLASS = YES_ERROR;
				CLANG_WARN_QUOTED_INCLUDE_IN_FRAMEWORK_HEADER = YES;
				CLANG_WARN_RANGE_LOOP_ANALYSIS = YES;
				CLANG_WARN_STRICT_PROTOTYPES = YES;
				CLANG_WARN_SUSPICIOUS_MOVE = YES;
				CLANG_WARN_UNGUARDED_AVAILABILITY = YES_AGGRESSIVE;
				CLANG_WARN_UNREACHABLE_CODE = YES;
				CLANG_WARN__DUPLICATE_METHOD_MATCH = YES;
				COPY_PHASE_STRIP = NO;
				DEBUG_INFORMATION_FORMAT = "dwarf-with-dsym";
				ENABLE_NS_ASSERTIONS = NO;
				ENABLE_STRICT_OBJC_MSGSEND = YES;
				GCC_C_LANGUAGE_STANDARD = gnu11;
				GCC_NO_COMMON_BLOCKS = YES;
				GCC_WARN_64_TO_32_BIT_CONVERSION = YES;
				GCC_WARN_ABOUT_RETURN_TYPE = YES_ERROR;
				GCC_WARN_UNDECLARED_SELECTOR = YES;
				GCC_WARN_UNINITIALIZED_AUTOS = YES_AGGRESSIVE;
				GCC_WARN_UNUSED_FUNCTION = YES;
				GCC_WARN_UNUSED_VARIABLE = YES;
				IPHONEOS_DEPLOYMENT_TARGET = 15.2;
				MTL_ENABLE_DEBUG_INFO = NO;
				MTL_FAST_MATH = YES;
				SDKROOT = iphoneos;
				SWIFT_COMPILATION_MODE = wholemodule;
				SWIFT_OPTIMIZATION_LEVEL = "-O";
				VALIDATE_PRODUCT = YES;
			};
			name = Release;
		};
		06C17F8327C54E4C008AD599 /* Debug */ = {
			isa = XCBuildConfiguration;
			buildSettings = {
				ASSETCATALOG_COMPILER_APPICON_NAME = AppIcon;
				ASSETCATALOG_COMPILER_GLOBAL_ACCENT_COLOR_NAME = AccentColor;
				CODE_SIGN_STYLE = Automatic;
				CURRENT_PROJECT_VERSION = 1;
				DEVELOPMENT_TEAM = WSJB3J72C6;
				GENERATE_INFOPLIST_FILE = YES;
				INFOPLIST_FILE = Project6b/Info.plist;
				INFOPLIST_KEY_UIApplicationSupportsIndirectInputEvents = YES;
				INFOPLIST_KEY_UILaunchStoryboardName = LaunchScreen;
				INFOPLIST_KEY_UIMainStoryboardFile = Main;
				INFOPLIST_KEY_UISupportedInterfaceOrientations_iPad = "UIInterfaceOrientationPortrait UIInterfaceOrientationPortraitUpsideDown UIInterfaceOrientationLandscapeLeft UIInterfaceOrientationLandscapeRight";
				INFOPLIST_KEY_UISupportedInterfaceOrientations_iPhone = "UIInterfaceOrientationPortrait UIInterfaceOrientationLandscapeLeft UIInterfaceOrientationLandscapeRight";
				LD_RUNPATH_SEARCH_PATHS = (
					"$(inherited)",
					"@executable_path/Frameworks",
				);
				MARKETING_VERSION = 1.0;
				PRODUCT_BUNDLE_IDENTIFIER = com.example.Project6b;
				PRODUCT_NAME = "$(TARGET_NAME)";
				SWIFT_EMIT_LOC_STRINGS = YES;
				SWIFT_VERSION = 5.0;
				TARGETED_DEVICE_FAMILY = "1,2";
			};
			name = Debug;
		};
		06C17F8427C54E4C008AD599 /* Release */ = {
			isa = XCBuildConfiguration;
			buildSettings = {
				ASSETCATALOG_COMPILER_APPICON_NAME = AppIcon;
				ASSETCATALOG_COMPILER_GLOBAL_ACCENT_COLOR_NAME = AccentColor;
				CODE_SIGN_STYLE = Automatic;
				CURRENT_PROJECT_VERSION = 1;
				DEVELOPMENT_TEAM = WSJB3J72C6;
				GENERATE_INFOPLIST_FILE = YES;
				INFOPLIST_FILE = Project6b/Info.plist;
				INFOPLIST_KEY_UIApplicationSupportsIndirectInputEvents = YES;
				INFOPLIST_KEY_UILaunchStoryboardName = LaunchScreen;
				INFOPLIST_KEY_UIMainStoryboardFile = Main;
				INFOPLIST_KEY_UISupportedInterfaceOrientations_iPad = "UIInterfaceOrientationPortrait UIInterfaceOrientationPortraitUpsideDown UIInterfaceOrientationLandscapeLeft UIInterfaceOrientationLandscapeRight";
				INFOPLIST_KEY_UISupportedInterfaceOrientations_iPhone = "UIInterfaceOrientationPortrait UIInterfaceOrientationLandscapeLeft UIInterfaceOrientationLandscapeRight";
				LD_RUNPATH_SEARCH_PATHS = (
					"$(inherited)",
					"@executable_path/Frameworks",
				);
				MARKETING_VERSION = 1.0;
				PRODUCT_BUNDLE_IDENTIFIER = com.example.Project6b;
				PRODUCT_NAME = "$(TARGET_NAME)";
				SWIFT_EMIT_LOC_STRINGS = YES;
				SWIFT_VERSION = 5.0;
				TARGETED_DEVICE_FAMILY = "1,2";
			};
			name = Release;
		};
		06C17F8627C54E4C008AD599 /* Debug */ = {
			isa = XCBuildConfiguration;
			buildSettings = {
				ALWAYS_EMBED_SWIFT_STANDARD_LIBRARIES = YES;
				BUNDLE_LOADER = "$(TEST_HOST)";
				CODE_SIGN_STYLE = Automatic;
				CURRENT_PROJECT_VERSION = 1;
				DEVELOPMENT_TEAM = WSJB3J72C6;
				GENERATE_INFOPLIST_FILE = YES;
				IPHONEOS_DEPLOYMENT_TARGET = 15.2;
				MARKETING_VERSION = 1.0;
				PRODUCT_BUNDLE_IDENTIFIER = com.example.Project6bTests;
				PRODUCT_NAME = "$(TARGET_NAME)";
				SWIFT_EMIT_LOC_STRINGS = NO;
				SWIFT_VERSION = 5.0;
				TARGETED_DEVICE_FAMILY = "1,2";
				TEST_HOST = "$(BUILT_PRODUCTS_DIR)/Project6b.app/Project6b";
			};
			name = Debug;
		};
		06C17F8727C54E4C008AD599 /* Release */ = {
			isa = XCBuildConfiguration;
			buildSettings = {
				ALWAYS_EMBED_SWIFT_STANDARD_LIBRARIES = YES;
				BUNDLE_LOADER = "$(TEST_HOST)";
				CODE_SIGN_STYLE = Automatic;
				CURRENT_PROJECT_VERSION = 1;
				DEVELOPMENT_TEAM = WSJB3J72C6;
				GENERATE_INFOPLIST_FILE = YES;
				IPHONEOS_DEPLOYMENT_TARGET = 15.2;
				MARKETING_VERSION = 1.0;
				PRODUCT_BUNDLE_IDENTIFIER = com.example.Project6bTests;
				PRODUCT_NAME = "$(TARGET_NAME)";
				SWIFT_EMIT_LOC_STRINGS = NO;
				SWIFT_VERSION = 5.0;
				TARGETED_DEVICE_FAMILY = "1,2";
				TEST_HOST = "$(BUILT_PRODUCTS_DIR)/Project6b.app/Project6b";
			};
			name = Release;
		};
		06C17F8927C54E4C008AD599 /* Debug */ = {
			isa = XCBuildConfiguration;
			buildSettings = {
				ALWAYS_EMBED_SWIFT_STANDARD_LIBRARIES = YES;
				CODE_SIGN_STYLE = Automatic;
				CURRENT_PROJECT_VERSION = 1;
				DEVELOPMENT_TEAM = WSJB3J72C6;
				GENERATE_INFOPLIST_FILE = YES;
				MARKETING_VERSION = 1.0;
				PRODUCT_BUNDLE_IDENTIFIER = com.example.Project6bUITests;
				PRODUCT_NAME = "$(TARGET_NAME)";
				SWIFT_EMIT_LOC_STRINGS = NO;
				SWIFT_VERSION = 5.0;
				TARGETED_DEVICE_FAMILY = "1,2";
				TEST_TARGET_NAME = Project6b;
			};
			name = Debug;
		};
		06C17F8A27C54E4C008AD599 /* Release */ = {
			isa = XCBuildConfiguration;
			buildSettings = {
				ALWAYS_EMBED_SWIFT_STANDARD_LIBRARIES = YES;
				CODE_SIGN_STYLE = Automatic;
				CURRENT_PROJECT_VERSION = 1;
				DEVELOPMENT_TEAM = WSJB3J72C6;
				GENERATE_INFOPLIST_FILE = YES;
				MARKETING_VERSION = 1.0;
				PRODUCT_BUNDLE_IDENTIFIER = com.example.Project6bUITests;
				PRODUCT_NAME = "$(TARGET_NAME)";
				SWIFT_EMIT_LOC_STRINGS = NO;
				SWIFT_VERSION = 5.0;
				TARGETED_DEVICE_FAMILY = "1,2";
				TEST_TARGET_NAME = Project6b;
			};
			name = Release;
		};
/* End XCBuildConfiguration section */

/* Begin XCConfigurationList section */
		06C17F5327C54E4A008AD599 /* Build configuration list for PBXProject "Project6b" */ = {
			isa = XCConfigurationList;
			buildConfigurations = (
				06C17F8027C54E4C008AD599 /* Debug */,
				06C17F8127C54E4C008AD599 /* Release */,
			);
			defaultConfigurationIsVisible = 0;
			defaultConfigurationName = Release;
		};
		06C17F8227C54E4C008AD599 /* Build configuration list for PBXNativeTarget "Project6b" */ = {
			isa = XCConfigurationList;
			buildConfigurations = (
				06C17F8327C54E4C008AD599 /* Debug */,
				06C17F8427C54E4C008AD599 /* Release */,
			);
			defaultConfigurationIsVisible = 0;
			defaultConfigurationName = Release;
		};
		06C17F8527C54E4C008AD599 /* Build configuration list for PBXNativeTarget "Project6bTests" */ = {
			isa = XCConfigurationList;
			buildConfigurations = (
				06C17F8627C54E4C008AD599 /* Debug */,
				06C17F8727C54E4C008AD599 /* Release */,
			);
			defaultConfigurationIsVisible = 0;
			defaultConfigurationName = Release;
		};
		06C17F8827C54E4C008AD599 /* Build configuration list for PBXNativeTarget "Project6bUITests" */ = {
			isa = XCConfigurationList;
			buildConfigurations = (
				06C17F8927C54E4C008AD599 /* Debug */,
				06C17F8A27C54E4C008AD599 /* Release */,
			);
			defaultConfigurationIsVisible = 0;
			defaultConfigurationName = Release;
		};
/* End XCConfigurationList section */
	};
	rootObject = 06C17F5027C54E4A008AD599 /* Project object */;
}
